
Microsoft Visual Studio Solution File, Format Version 12.00
# Visual Studio Version 17
VisualStudioVersion = 17.6.33717.318
MinimumVisualStudioVersion = 10.0.40219.1
Project("{FAE04EC0-301F-11D3-BF4B-00C04F79EFBC}") = "Calculadora.UWP", "Calculadora.UWP\Calculadora.UWP.csproj", "{DC56F430-1F0F-41BD-A481-5FDAA9B004DB}"
EndProject
Project("{FAE04EC0-301F-11D3-BF4B-00C04F79EFBC}") = "Calculadora.Android", "Calculadora.Android\Calculadora.Android.csproj", "{E58141EF-EB88-41AC-A4AA-D9AE1D8102BB}"
EndProject
Project("{FAE04EC0-301F-11D3-BF4B-00C04F79EFBC}") = "Calculadora.iOS", "Calculadora.iOS\Calculadora.iOS.csproj", "{31B26292-2320-4F99-8D2F-A4732F4EE04A}"
EndProject
Project("{FAE04EC0-301F-11D3-BF4B-00C04F79EFBC}") = "Calculadora", "Calculadora\Calculadora.csproj", "{C9687384-77DC-4999-BD09-3CFEF03F89BC}"
EndProject
Global
	GlobalSection(SolutionConfigurationPlatforms) = preSolution
		Debug|Any CPU = Debug|Any CPU
		Debug|ARM = Debug|ARM
		Debug|iPhone = Debug|iPhone
		Debug|iPhoneSimulator = Debug|iPhoneSimulator
		Debug|x64 = Debug|x64
		Debug|x86 = Debug|x86
		Release|Any CPU = Release|Any CPU
		Release|ARM = Release|ARM
		Release|iPhone = Release|iPhone
		Release|iPhoneSimulator = Release|iPhoneSimulator
		Release|x64 = Release|x64
		Release|x86 = Release|x86
	EndGlobalSection
	GlobalSection(ProjectConfigurationPlatforms) = postSolution
		{DC56F430-1F0F-41BD-A481-5FDAA9B004DB}.Debug|Any CPU.ActiveCfg = Debug|x64
		{DC56F430-1F0F-41BD-A481-5FDAA9B004DB}.Debug|Any CPU.Build.0 = Debug|x64
		{DC56F430-1F0F-41BD-A481-5FDAA9B004DB}.Debug|Any CPU.Deploy.0 = Debug|x64
		{DC56F430-1F0F-41BD-A481-5FDAA9B004DB}.Debug|ARM.ActiveCfg = Debug|ARM
		{DC56F430-1F0F-41BD-A481-5FDAA9B004DB}.Debug|ARM.Build.0 = Debug|ARM
		{DC56F430-1F0F-41BD-A481-5FDAA9B004DB}.Debug|ARM.Deploy.0 = Debug|ARM
		{DC56F430-1F0F-41BD-A481-5FDAA9B004DB}.Debug|iPhone.ActiveCfg = Debug|x64
		{DC56F430-1F0F-41BD-A481-5FDAA9B004DB}.Debug|iPhone.Build.0 = Debug|x64
		{DC56F430-1F0F-41BD-A481-5FDAA9B004DB}.Debug|iPhone.Deploy.0 = Debug|x64
		{DC56F430-1F0F-41BD-A481-5FDAA9B004DB}.Debug|iPhoneSimulator.ActiveCfg = Debug|x64
		{DC56F430-1F0F-41BD-A481-5FDAA9B004DB}.Debug|iPhoneSimulator.Build.0 = Debug|x64
		{DC56F430-1F0F-41BD-A481-5FDAA9B004DB}.Debug|iPhoneSimulator.Deploy.0 = Debug|x64
		{DC56F430-1F0F-41BD-A481-5FDAA9B004DB}.Debug|x64.ActiveCfg = Debug|x64
		{DC56F430-1F0F-41BD-A481-5FDAA9B004DB}.Debug|x64.Build.0 = Debug|x64
		{DC56F430-1F0F-41BD-A481-5FDAA9B004DB}.Debug|x64.Deploy.0 = Debug|x64
		{DC56F430-1F0F-41BD-A481-5FDAA9B004DB}.Debug|x86.ActiveCfg = Debug|x86
		{DC56F430-1F0F-41BD-A481-5FDAA9B004DB}.Debug|x86.Build.0 = Debug|x86
		{DC56F430-1F0F-41BD-A481-5FDAA9B004DB}.Debug|x86.Deploy.0 = Debug|x86
		{DC56F430-1F0F-41BD-A481-5FDAA9B004DB}.Release|Any CPU.ActiveCfg = Release|x64
		{DC56F430-1F0F-41BD-A481-5FDAA9B004DB}.Release|Any CPU.Build.0 = Release|x64
		{DC56F430-1F0F-41BD-A481-5FDAA9B004DB}.Release|Any CPU.Deploy.0 = Release|x64
		{DC56F430-1F0F-41BD-A481-5FDAA9B004DB}.Release|ARM.ActiveCfg = Release|ARM
		{DC56F430-1F0F-41BD-A481-5FDAA9B004DB}.Release|ARM.Build.0 = Release|ARM
		{DC56F430-1F0F-41BD-A481-5FDAA9B004DB}.Release|ARM.Deploy.0 = Release|ARM
		{DC56F430-1F0F-41BD-A481-5FDAA9B004DB}.Release|iPhone.ActiveCfg = Release|x64
		{DC56F430-1F0F-41BD-A481-5FDAA9B004DB}.Release|iPhone.Build.0 = Release|x64
		{DC56F430-1F0F-41BD-A481-5FDAA9B004DB}.Release|iPhone.Deploy.0 = Release|x64
		{DC56F430-1F0F-41BD-A481-5FDAA9B004DB}.Release|iPhoneSimulator.ActiveCfg = Release|x64
		{DC56F430-1F0F-41BD-A481-5FDAA9B004DB}.Release|iPhoneSimulator.Build.0 = Release|x64
		{DC56F430-1F0F-41BD-A481-5FDAA9B004DB}.Release|iPhoneSimulator.Deploy.0 = Release|x64
		{DC56F430-1F0F-41BD-A481-5FDAA9B004DB}.Release|x64.ActiveCfg = Release|x64
		{DC56F430-1F0F-41BD-A481-5FDAA9B004DB}.Release|x64.Build.0 = Release|x64
		{DC56F430-1F0F-41BD-A481-5FDAA9B004DB}.Release|x64.Deploy.0 = Release|x64
		{DC56F430-1F0F-41BD-A481-5FDAA9B004DB}.Release|x86.ActiveCfg = Release|x86
		{DC56F430-1F0F-41BD-A481-5FDAA9B004DB}.Release|x86.Build.0 = Release|x86
		{DC56F430-1F0F-41BD-A481-5FDAA9B004DB}.Release|x86.Deploy.0 = Release|x86
		{E58141EF-EB88-41AC-A4AA-D9AE1D8102BB}.Debug|Any CPU.ActiveCfg = Debug|Any CPU
		{E58141EF-EB88-41AC-A4AA-D9AE1D8102BB}.Debug|Any CPU.Build.0 = Debug|Any CPU
		{E58141EF-EB88-41AC-A4AA-D9AE1D8102BB}.Debug|Any CPU.Deploy.0 = Debug|Any CPU
		{E58141EF-EB88-41AC-A4AA-D9AE1D8102BB}.Debug|ARM.ActiveCfg = Debug|Any CPU
		{E58141EF-EB88-41AC-A4AA-D9AE1D8102BB}.Debug|ARM.Build.0 = Debug|Any CPU
		{E58141EF-EB88-41AC-A4AA-D9AE1D8102BB}.Debug|ARM.Deploy.0 = Debug|Any CPU
		{E58141EF-EB88-41AC-A4AA-D9AE1D8102BB}.Debug|iPhone.ActiveCfg = Debug|Any CPU
		{E58141EF-EB88-41AC-A4AA-D9AE1D8102BB}.Debug|iPhone.Build.0 = Debug|Any CPU
		{E58141EF-EB88-41AC-A4AA-D9AE1D8102BB}.Debug|iPhone.Deploy.0 = Debug|Any CPU
		{E58141EF-EB88-41AC-A4AA-D9AE1D8102BB}.Debug|iPhoneSimulator.ActiveCfg = Debug|Any CPU
		{E58141EF-EB88-41AC-A4AA-D9AE1D8102BB}.Debug|iPhoneSimulator.Build.0 = Debug|Any CPU
		{E58141EF-EB88-41AC-A4AA-D9AE1D8102BB}.Debug|iPhoneSimulator.Deploy.0 = Debug|Any CPU
		{E58141EF-EB88-41AC-A4AA-D9AE1D8102BB}.Debug|x64.ActiveCfg = Debug|Any CPU
		{E58141EF-EB88-41AC-A4AA-D9AE1D8102BB}.Debug|x64.Build.0 = Debug|Any CPU
		{E58141EF-EB88-41AC-A4AA-D9AE1D8102BB}.Debug|x64.Deploy.0 = Debug|Any CPU
		{E58141EF-EB88-41AC-A4AA-D9AE1D8102BB}.Debug|x86.ActiveCfg = Debug|Any CPU
		{E58141EF-EB88-41AC-A4AA-D9AE1D8102BB}.Debug|x86.Build.0 = Debug|Any CPU
		{E58141EF-EB88-41AC-A4AA-D9AE1D8102BB}.Debug|x86.Deploy.0 = Debug|Any CPU
		{E58141EF-EB88-41AC-A4AA-D9AE1D8102BB}.Release|Any CPU.ActiveCfg = Release|Any CPU
		{E58141EF-EB88-41AC-A4AA-D9AE1D8102BB}.Release|Any CPU.Build.0 = Release|Any CPU
		{E58141EF-EB88-41AC-A4AA-D9AE1D8102BB}.Release|Any CPU.Deploy.0 = Release|Any CPU
		{E58141EF-EB88-41AC-A4AA-D9AE1D8102BB}.Release|ARM.ActiveCfg = Release|Any CPU
		{E58141EF-EB88-41AC-A4AA-D9AE1D8102BB}.Release|ARM.Build.0 = Release|Any CPU
		{E58141EF-EB88-41AC-A4AA-D9AE1D8102BB}.Release|ARM.Deploy.0 = Release|Any CPU
		{E58141EF-EB88-41AC-A4AA-D9AE1D8102BB}.Release|iPhone.ActiveCfg = Release|Any CPU
		{E58141EF-EB88-41AC-A4AA-D9AE1D8102BB}.Release|iPhone.Build.0 = Release|Any CPU
		{E58141EF-EB88-41AC-A4AA-D9AE1D8102BB}.Release|iPhone.Deploy.0 = Release|Any CPU
		{E58141EF-EB88-41AC-A4AA-D9AE1D8102BB}.Release|iPhoneSimulator.ActiveCfg = Release|Any CPU
		{E58141EF-EB88-41AC-A4AA-D9AE1D8102BB}.Release|iPhoneSimulator.Build.0 = Release|Any CPU
		{E58141EF-EB88-41AC-A4AA-D9AE1D8102BB}.Release|iPhoneSimulator.Deploy.0 = Release|Any CPU
		{E58141EF-EB88-41AC-A4AA-D9AE1D8102BB}.Release|x64.ActiveCfg = Release|Any CPU
		{E58141EF-EB88-41AC-A4AA-D9AE1D8102BB}.Release|x64.Build.0 = Release|Any CPU
		{E58141EF-EB88-41AC-A4AA-D9AE1D8102BB}.Release|x64.Deploy.0 = Release|Any CPU
		{E58141EF-EB88-41AC-A4AA-D9AE1D8102BB}.Release|x86.ActiveCfg = Release|Any CPU
		{E58141EF-EB88-41AC-A4AA-D9AE1D8102BB}.Release|x86.Build.0 = Release|Any CPU
		{E58141EF-EB88-41AC-A4AA-D9AE1D8102BB}.Release|x86.Deploy.0 = Release|Any CPU
		{31B26292-2320-4F99-8D2F-A4732F4EE04A}.Debug|Any CPU.ActiveCfg = Debug|iPhoneSimulator
		{31B26292-2320-4F99-8D2F-A4732F4EE04A}.Debug|Any CPU.Build.0 = Debug|iPhoneSimulator
		{31B26292-2320-4F99-8D2F-A4732F4EE04A}.Debug|Any CPU.Deploy.0 = Debug|iPhoneSimulator
		{31B26292-2320-4F99-8D2F-A4732F4EE04A}.Debug|ARM.ActiveCfg = Debug|iPhoneSimulator
		{31B26292-2320-4F99-8D2F-A4732F4EE04A}.Debug|ARM.Build.0 = Debug|iPhoneSimulator
		{31B26292-2320-4F99-8D2F-A4732F4EE04A}.Debug|ARM.Deploy.0 = Debug|iPhoneSimulator
		{31B26292-2320-4F99-8D2F-A4732F4EE04A}.Debug|iPhone.ActiveCfg = Debug|iPhone
		{31B26292-2320-4F99-8D2F-A4732F4EE04A}.Debug|iPhone.Build.0 = Debug|iPhone
		{31B26292-2320-4F99-8D2F-A4732F4EE04A}.Debug|iPhone.Deploy.0 = Debug|iPhone
		{31B26292-2320-4F99-8D2F-A4732F4EE04A}.Debug|iPhoneSimulator.ActiveCfg = Debug|iPhoneSimulator
		{31B26292-2320-4F99-8D2F-A4732F4EE04A}.Debug|iPhoneSimulator.Build.0 = Debug|iPhoneSimulator
		{31B26292-2320-4F99-8D2F-A4732F4EE04A}.Debug|iPhoneSimulator.Deploy.0 = Debug|iPhoneSimulator
		{31B26292-2320-4F99-8D2F-A4732F4EE04A}.Debug|x64.ActiveCfg = Debug|iPhone
		{31B26292-2320-4F99-8D2F-A4732F4EE04A}.Debug|x64.Build.0 = Debug|iPhone
		{31B26292-2320-4F99-8D2F-A4732F4EE04A}.Debug|x64.Deploy.0 = Debug|iPhone
		{31B26292-2320-4F99-8D2F-A4732F4EE04A}.Debug|x86.ActiveCfg = Debug|iPhoneSimulator
		{31B26292-2320-4F99-8D2F-A4732F4EE04A}.Debug|x86.Build.0 = Debug|iPhoneSimulator
		{31B26292-2320-4F99-8D2F-A4732F4EE04A}.Debug|x86.Deploy.0 = Debug|iPhoneSimulator
		{31B26292-2320-4F99-8D2F-A4732F4EE04A}.Release|Any CPU.ActiveCfg = Release|iPhoneSimulator
		{31B26292-2320-4F99-8D2F-A4732F4EE04A}.Release|Any CPU.Build.0 = Release|iPhoneSimulator
		{31B26292-2320-4F99-8D2F-A4732F4EE04A}.Release|Any CPU.Deploy.0 = Release|iPhoneSimulator
		{31B26292-2320-4F99-8D2F-A4732F4EE04A}.Release|ARM.ActiveCfg = Release|iPhoneSimulator
		{31B26292-2320-4F99-8D2F-A4732F4EE04A}.Release|ARM.Build.0 = Release|iPhoneSimulator
		{31B26292-2320-4F99-8D2F-A4732F4EE04A}.Release|ARM.Deploy.0 = Release|iPhoneSimulator
		{31B26292-2320-4F99-8D2F-A4732F4EE04A}.Release|iPhone.ActiveCfg = Release|iPhone
		{31B26292-2320-4F99-8D2F-A4732F4EE04A}.Release|iPhone.Build.0 = Release|iPhone
		{31B26292-2320-4F99-8D2F-A4732F4EE04A}.Release|iPhone.Deploy.0 = Release|iPhone
		{31B26292-2320-4F99-8D2F-A4732F4EE04A}.Release|iPhoneSimulator.ActiveCfg = Release|iPhoneSimulator
		{31B26292-2320-4F99-8D2F-A4732F4EE04A}.Release|iPhoneSimulator.Build.0 = Release|iPhoneSimulator
		{31B26292-2320-4F99-8D2F-A4732F4EE04A}.Release|iPhoneSimulator.Deploy.0 = Release|iPhoneSimulator
		{31B26292-2320-4F99-8D2F-A4732F4EE04A}.Release|x64.ActiveCfg = Release|iPhoneSimulator
		{31B26292-2320-4F99-8D2F-A4732F4EE04A}.Release|x64.Build.0 = Release|iPhoneSimulator
		{31B26292-2320-4F99-8D2F-A4732F4EE04A}.Release|x64.Deploy.0 = Release|iPhoneSimulator
		{31B26292-2320-4F99-8D2F-A4732F4EE04A}.Release|x86.ActiveCfg = Release|iPhoneSimulator
		{31B26292-2320-4F99-8D2F-A4732F4EE04A}.Release|x86.Build.0 = Release|iPhoneSimulator
		{31B26292-2320-4F99-8D2F-A4732F4EE04A}.Release|x86.Deploy.0 = Release|iPhoneSimulator
		{C9687384-77DC-4999-BD09-3CFEF03F89BC}.Debug|Any CPU.ActiveCfg = Debug|Any CPU
		{C9687384-77DC-4999-BD09-3CFEF03F89BC}.Debug|Any CPU.Build.0 = Debug|Any CPU
		{C9687384-77DC-4999-BD09-3CFEF03F89BC}.Debug|Any CPU.Deploy.0 = Debug|Any CPU
		{C9687384-77DC-4999-BD09-3CFEF03F89BC}.Debug|ARM.ActiveCfg = Debug|Any CPU
		{C9687384-77DC-4999-BD09-3CFEF03F89BC}.Debug|ARM.Build.0 = Debug|Any CPU
		{C9687384-77DC-4999-BD09-3CFEF03F89BC}.Debug|ARM.Deploy.0 = Debug|Any CPU
		{C9687384-77DC-4999-BD09-3CFEF03F89BC}.Debug|iPhone.ActiveCfg = Debug|Any CPU
		{C9687384-77DC-4999-BD09-3CFEF03F89BC}.Debug|iPhone.Build.0 = Debug|Any CPU
		{C9687384-77DC-4999-BD09-3CFEF03F89BC}.Debug|iPhone.Deploy.0 = Debug|Any CPU
		{C9687384-77DC-4999-BD09-3CFEF03F89BC}.Debug|iPhoneSimulator.ActiveCfg = Debug|Any CPU
		{C9687384-77DC-4999-BD09-3CFEF03F89BC}.Debug|iPhoneSimulator.Build.0 = Debug|Any CPU
		{C9687384-77DC-4999-BD09-3CFEF03F89BC}.Debug|iPhoneSimulator.Deploy.0 = Debug|Any CPU
		{C9687384-77DC-4999-BD09-3CFEF03F89BC}.Debug|x64.ActiveCfg = Debug|Any CPU
		{C9687384-77DC-4999-BD09-3CFEF03F89BC}.Debug|x64.Build.0 = Debug|Any CPU
		{C9687384-77DC-4999-BD09-3CFEF03F89BC}.Debug|x64.Deploy.0 = Debug|Any CPU
		{C9687384-77DC-4999-BD09-3CFEF03F89BC}.Debug|x86.ActiveCfg = Debug|Any CPU
		{C9687384-77DC-4999-BD09-3CFEF03F89BC}.Debug|x86.Build.0 = Debug|Any CPU
		{C9687384-77DC-4999-BD09-3CFEF03F89BC}.Debug|x86.Deploy.0 = Debug|Any CPU
		{C9687384-77DC-4999-BD09-3CFEF03F89BC}.Release|Any CPU.ActiveCfg = Release|Any CPU
		{C9687384-77DC-4999-BD09-3CFEF03F89BC}.Release|Any CPU.Build.0 = Release|Any CPU
		{C9687384-77DC-4999-BD09-3CFEF03F89BC}.Release|Any CPU.Deploy.0 = Release|Any CPU
		{C9687384-77DC-4999-BD09-3CFEF03F89BC}.Release|ARM.ActiveCfg = Release|Any CPU
		{C9687384-77DC-4999-BD09-3CFEF03F89BC}.Release|ARM.Build.0 = Release|Any CPU
		{C9687384-77DC-4999-BD09-3CFEF03F89BC}.Release|ARM.Deploy.0 = Release|Any CPU
		{C9687384-77DC-4999-BD09-3CFEF03F89BC}.Release|iPhone.ActiveCfg = Release|Any CPU
		{C9687384-77DC-4999-BD09-3CFEF03F89BC}.Release|iPhone.Build.0 = Release|Any CPU
		{C9687384-77DC-4999-BD09-3CFEF03F89BC}.Release|iPhone.Deploy.0 = Release|Any CPU
		{C9687384-77DC-4999-BD09-3CFEF03F89BC}.Release|iPhoneSimulator.ActiveCfg = Release|Any CPU
		{C9687384-77DC-4999-BD09-3CFEF03F89BC}.Release|iPhoneSimulator.Build.0 = Release|Any CPU
		{C9687384-77DC-4999-BD09-3CFEF03F89BC}.Release|iPhoneSimulator.Deploy.0 = Release|Any CPU
		{C9687384-77DC-4999-BD09-3CFEF03F89BC}.Release|x64.ActiveCfg = Release|Any CPU
		{C9687384-77DC-4999-BD09-3CFEF03F89BC}.Release|x64.Build.0 = Release|Any CPU
		{C9687384-77DC-4999-BD09-3CFEF03F89BC}.Release|x64.Deploy.0 = Release|Any CPU
		{C9687384-77DC-4999-BD09-3CFEF03F89BC}.Release|x86.ActiveCfg = Release|Any CPU
		{C9687384-77DC-4999-BD09-3CFEF03F89BC}.Release|x86.Build.0 = Release|Any CPU
		{C9687384-77DC-4999-BD09-3CFEF03F89BC}.Release|x86.Deploy.0 = Release|Any CPU
	EndGlobalSection
	GlobalSection(SolutionProperties) = preSolution
		HideSolutionNode = FALSE
	EndGlobalSection
	GlobalSection(ExtensibilityGlobals) = postSolution
		SolutionGuid = {F1FB396B-8E52-407C-9776-EE90CE6593C1}
	EndGlobalSection
EndGlobal
